// !$*UTF8*$!
{
	archiveVersion = 1;
	classes = {
	};
	objectVersion = 56;
	objects = {

/* Begin PBXBuildFile section */
		962DE2002B4D8B22006BDD44 /* AppDelegate.swift in Sources */ = {isa = PBXBuildFile; fileRef = 962DE1FF2B4D8B22006BDD44 /* AppDelegate.swift */; };
		962DE2022B4D8B22006BDD44 /* SceneDelegate.swift in Sources */ = {isa = PBXBuildFile; fileRef = 962DE2012B4D8B22006BDD44 /* SceneDelegate.swift */; };
		962DE2042B4D8B22006BDD44 /* DiaryViewController.swift in Sources */ = {isa = PBXBuildFile; fileRef = 962DE2032B4D8B22006BDD44 /* DiaryViewController.swift */; };
		962DE2072B4D8B22006BDD44 /* Diary.storyboard in Resources */ = {isa = PBXBuildFile; fileRef = 962DE2052B4D8B22006BDD44 /* Diary.storyboard */; };
		962DE20A2B4D8B22006BDD44 /* EJDiarySwift.xcdatamodeld in Sources */ = {isa = PBXBuildFile; fileRef = 962DE2082B4D8B22006BDD44 /* EJDiarySwift.xcdatamodeld */; };
		962DE20C2B4D8B24006BDD44 /* Assets.xcassets in Resources */ = {isa = PBXBuildFile; fileRef = 962DE20B2B4D8B24006BDD44 /* Assets.xcassets */; };
		962DE20F2B4D8B24006BDD44 /* LaunchScreen.storyboard in Resources */ = {isa = PBXBuildFile; fileRef = 962DE20D2B4D8B24006BDD44 /* LaunchScreen.storyboard */; };
		962DE21A2B4D8B24006BDD44 /* EJDiarySwiftTests.swift in Sources */ = {isa = PBXBuildFile; fileRef = 962DE2192B4D8B24006BDD44 /* EJDiarySwiftTests.swift */; };
		962DE2242B4D8B24006BDD44 /* EJDiarySwiftUITests.swift in Sources */ = {isa = PBXBuildFile; fileRef = 962DE2232B4D8B24006BDD44 /* EJDiarySwiftUITests.swift */; };
		962DE2262B4D8B24006BDD44 /* EJDiarySwiftUITestsLaunchTests.swift in Sources */ = {isa = PBXBuildFile; fileRef = 962DE2252B4D8B24006BDD44 /* EJDiarySwiftUITestsLaunchTests.swift */; };
		9680268B2C40099D007950D8 /* CreateDiaryViewController.swift in Sources */ = {isa = PBXBuildFile; fileRef = 9680268A2C40099C007950D8 /* CreateDiaryViewController.swift */; };
		968026942C401DBC007950D8 /* CreateDiary.storyboard in Resources */ = {isa = PBXBuildFile; fileRef = 968026932C401DBC007950D8 /* CreateDiary.storyboard */; };
		96DF0A632C3C13B900C29D28 /* Top.storyboard in Resources */ = {isa = PBXBuildFile; fileRef = 96DF0A622C3C13B900C29D28 /* Top.storyboard */; };
		96DF0A652C3C13E100C29D28 /* TopViewController.swift in Sources */ = {isa = PBXBuildFile; fileRef = 96DF0A642C3C13E100C29D28 /* TopViewController.swift */; };
		96E3DDB92C42306200E82B8A /* Config.storyboard in Resources */ = {isa = PBXBuildFile; fileRef = 96E3DDB82C42306200E82B8A /* Config.storyboard */; };
		96E3DDBB2C4248D000E82B8A /* ConfigViewController.swift in Sources */ = {isa = PBXBuildFile; fileRef = 96E3DDBA2C4248D000E82B8A /* ConfigViewController.swift */; };
		96E443D02C44A5C600F723DE /* UiColor.swift in Sources */ = {isa = PBXBuildFile; fileRef = 96E443CF2C44A5C600F723DE /* UiColor.swift */; };
		96EF366C2C3A23A400C22935 /* StatusBar.swift in Sources */ = {isa = PBXBuildFile; fileRef = 96EF366B2C3A23A400C22935 /* StatusBar.swift */; };
		96EF9D9D2C4365D900576751 /* DiaryInfo+CoreDataClass.swift in Sources */ = {isa = PBXBuildFile; fileRef = 96EF9D9B2C4365D900576751 /* DiaryInfo+CoreDataClass.swift */; };
		96EF9D9E2C4365D900576751 /* DiaryInfo+CoreDataProperties.swift in Sources */ = {isa = PBXBuildFile; fileRef = 96EF9D9C2C4365D900576751 /* DiaryInfo+CoreDataProperties.swift */; };
		96EF9DA02C43688700576751 /* CoreDataManager.swift in Sources */ = {isa = PBXBuildFile; fileRef = 96EF9D9F2C43688700576751 /* CoreDataManager.swift */; };
/* End PBXBuildFile section */

/* Begin PBXContainerItemProxy section */
		962DE2162B4D8B24006BDD44 /* PBXContainerItemProxy */ = {
			isa = PBXContainerItemProxy;
			containerPortal = 962DE1F42B4D8B22006BDD44 /* Project object */;
			proxyType = 1;
			remoteGlobalIDString = 962DE1FB2B4D8B22006BDD44;
			remoteInfo = EJDiarySwift;
		};
		962DE2202B4D8B24006BDD44 /* PBXContainerItemProxy */ = {
			isa = PBXContainerItemProxy;
			containerPortal = 962DE1F42B4D8B22006BDD44 /* Project object */;
			proxyType = 1;
			remoteGlobalIDString = 962DE1FB2B4D8B22006BDD44;
			remoteInfo = EJDiarySwift;
		};
/* End PBXContainerItemProxy section */

/* Begin PBXFileReference section */
		9619C29F2C394B420089DA65 /* Base */ = {isa = PBXFileReference; lastKnownFileType = file.storyboard; name = Base; path = Base.lproj/Diary.storyboard; sourceTree = "<group>"; };
		962DE1FC2B4D8B22006BDD44 /* EJDiarySwift.app */ = {isa = PBXFileReference; explicitFileType = wrapper.application; includeInIndex = 0; path = EJDiarySwift.app; sourceTree = BUILT_PRODUCTS_DIR; };
		962DE1FF2B4D8B22006BDD44 /* AppDelegate.swift */ = {isa = PBXFileReference; lastKnownFileType = sourcecode.swift; path = AppDelegate.swift; sourceTree = "<group>"; };
		962DE2012B4D8B22006BDD44 /* SceneDelegate.swift */ = {isa = PBXFileReference; lastKnownFileType = sourcecode.swift; path = SceneDelegate.swift; sourceTree = "<group>"; };
		962DE2032B4D8B22006BDD44 /* DiaryViewController.swift */ = {isa = PBXFileReference; lastKnownFileType = sourcecode.swift; path = DiaryViewController.swift; sourceTree = "<group>"; };
		962DE2092B4D8B22006BDD44 /* EJDiarySwift.xcdatamodel */ = {isa = PBXFileReference; lastKnownFileType = wrapper.xcdatamodel; path = EJDiarySwift.xcdatamodel; sourceTree = "<group>"; };
		962DE20B2B4D8B24006BDD44 /* Assets.xcassets */ = {isa = PBXFileReference; lastKnownFileType = folder.assetcatalog; path = Assets.xcassets; sourceTree = "<group>"; };
		962DE20E2B4D8B24006BDD44 /* Base */ = {isa = PBXFileReference; lastKnownFileType = file.storyboard; name = Base; path = Base.lproj/LaunchScreen.storyboard; sourceTree = "<group>"; };
		962DE2102B4D8B24006BDD44 /* Info.plist */ = {isa = PBXFileReference; lastKnownFileType = text.plist.xml; path = Info.plist; sourceTree = "<group>"; };
		962DE2152B4D8B24006BDD44 /* EJDiarySwiftTests.xctest */ = {isa = PBXFileReference; explicitFileType = wrapper.cfbundle; includeInIndex = 0; path = EJDiarySwiftTests.xctest; sourceTree = BUILT_PRODUCTS_DIR; };
		962DE2192B4D8B24006BDD44 /* EJDiarySwiftTests.swift */ = {isa = PBXFileReference; lastKnownFileType = sourcecode.swift; path = EJDiarySwiftTests.swift; sourceTree = "<group>"; };
		962DE21F2B4D8B24006BDD44 /* EJDiarySwiftUITests.xctest */ = {isa = PBXFileReference; explicitFileType = wrapper.cfbundle; includeInIndex = 0; path = EJDiarySwiftUITests.xctest; sourceTree = BUILT_PRODUCTS_DIR; };
		962DE2232B4D8B24006BDD44 /* EJDiarySwiftUITests.swift */ = {isa = PBXFileReference; lastKnownFileType = sourcecode.swift; path = EJDiarySwiftUITests.swift; sourceTree = "<group>"; };
		962DE2252B4D8B24006BDD44 /* EJDiarySwiftUITestsLaunchTests.swift */ = {isa = PBXFileReference; lastKnownFileType = sourcecode.swift; path = EJDiarySwiftUITestsLaunchTests.swift; sourceTree = "<group>"; };
		9680268A2C40099C007950D8 /* CreateDiaryViewController.swift */ = {isa = PBXFileReference; lastKnownFileType = sourcecode.swift; path = CreateDiaryViewController.swift; sourceTree = "<group>"; };
		968026922C401DBC007950D8 /* Base */ = {isa = PBXFileReference; lastKnownFileType = file.storyboard; name = Base; path = Base.lproj/CreateDiary.storyboard; sourceTree = "<group>"; };
		96DF0A622C3C13B900C29D28 /* Top.storyboard */ = {isa = PBXFileReference; lastKnownFileType = file.storyboard; path = Top.storyboard; sourceTree = "<group>"; };
		96DF0A642C3C13E100C29D28 /* TopViewController.swift */ = {isa = PBXFileReference; lastKnownFileType = sourcecode.swift; path = TopViewController.swift; sourceTree = "<group>"; };
		96E3DDB82C42306200E82B8A /* Config.storyboard */ = {isa = PBXFileReference; lastKnownFileType = file.storyboard; path = Config.storyboard; sourceTree = "<group>"; };
		96E3DDBA2C4248D000E82B8A /* ConfigViewController.swift */ = {isa = PBXFileReference; lastKnownFileType = sourcecode.swift; path = ConfigViewController.swift; sourceTree = "<group>"; };
		96E443CF2C44A5C600F723DE /* UiColor.swift */ = {isa = PBXFileReference; lastKnownFileType = sourcecode.swift; path = UiColor.swift; sourceTree = "<group>"; };
		96EF366B2C3A23A400C22935 /* StatusBar.swift */ = {isa = PBXFileReference; lastKnownFileType = sourcecode.swift; path = StatusBar.swift; sourceTree = "<group>"; };
		96EF9D9B2C4365D900576751 /* DiaryInfo+CoreDataClass.swift */ = {isa = PBXFileReference; lastKnownFileType = sourcecode.swift; path = "DiaryInfo+CoreDataClass.swift"; sourceTree = "<group>"; };
		96EF9D9C2C4365D900576751 /* DiaryInfo+CoreDataProperties.swift */ = {isa = PBXFileReference; lastKnownFileType = sourcecode.swift; path = "DiaryInfo+CoreDataProperties.swift"; sourceTree = "<group>"; };
		96EF9D9F2C43688700576751 /* CoreDataManager.swift */ = {isa = PBXFileReference; lastKnownFileType = sourcecode.swift; path = CoreDataManager.swift; sourceTree = "<group>"; };
/* End PBXFileReference section */

/* Begin PBXFrameworksBuildPhase section */
		962DE1F92B4D8B22006BDD44 /* Frameworks */ = {
			isa = PBXFrameworksBuildPhase;
			buildActionMask = 2147483647;
			files = (
			);
			runOnlyForDeploymentPostprocessing = 0;
		};
		962DE2122B4D8B24006BDD44 /* Frameworks */ = {
			isa = PBXFrameworksBuildPhase;
			buildActionMask = 2147483647;
			files = (
			);
			runOnlyForDeploymentPostprocessing = 0;
		};
		962DE21C2B4D8B24006BDD44 /* Frameworks */ = {
			isa = PBXFrameworksBuildPhase;
			buildActionMask = 2147483647;
			files = (
			);
			runOnlyForDeploymentPostprocessing = 0;
		};
/* End PBXFrameworksBuildPhase section */

/* Begin PBXGroup section */
		962DE1F32B4D8B22006BDD44 = {
			isa = PBXGroup;
			children = (
				962DE1FE2B4D8B22006BDD44 /* EJDiarySwift */,
				962DE2182B4D8B24006BDD44 /* EJDiarySwiftTests */,
				962DE2222B4D8B24006BDD44 /* EJDiarySwiftUITests */,
				962DE1FD2B4D8B22006BDD44 /* Products */,
			);
			sourceTree = "<group>";
		};
		962DE1FD2B4D8B22006BDD44 /* Products */ = {
			isa = PBXGroup;
			children = (
				962DE1FC2B4D8B22006BDD44 /* EJDiarySwift.app */,
				962DE2152B4D8B24006BDD44 /* EJDiarySwiftTests.xctest */,
				962DE21F2B4D8B24006BDD44 /* EJDiarySwiftUITests.xctest */,
			);
			name = Products;
			sourceTree = "<group>";
		};
		962DE1FE2B4D8B22006BDD44 /* EJDiarySwift */ = {
			isa = PBXGroup;
			children = (
				96EF9D9B2C4365D900576751 /* DiaryInfo+CoreDataClass.swift */,
				96EF9D9C2C4365D900576751 /* DiaryInfo+CoreDataProperties.swift */,
				96EF9D9F2C43688700576751 /* CoreDataManager.swift */,
				962DE1FF2B4D8B22006BDD44 /* AppDelegate.swift */,
				962DE2012B4D8B22006BDD44 /* SceneDelegate.swift */,
				96EF366B2C3A23A400C22935 /* StatusBar.swift */,
				962DE2032B4D8B22006BDD44 /* DiaryViewController.swift */,
				9680268A2C40099C007950D8 /* CreateDiaryViewController.swift */,
				96DF0A642C3C13E100C29D28 /* TopViewController.swift */,
				96E443CF2C44A5C600F723DE /* UiColor.swift */,
				96E3DDBA2C4248D000E82B8A /* ConfigViewController.swift */,
				96DF0A622C3C13B900C29D28 /* Top.storyboard */,
				96E3DDB82C42306200E82B8A /* Config.storyboard */,
				962DE2052B4D8B22006BDD44 /* Diary.storyboard */,
				968026932C401DBC007950D8 /* CreateDiary.storyboard */,
				962DE20D2B4D8B24006BDD44 /* LaunchScreen.storyboard */,
				962DE2102B4D8B24006BDD44 /* Info.plist */,
				962DE2082B4D8B22006BDD44 /* EJDiarySwift.xcdatamodeld */,
				962DE20B2B4D8B24006BDD44 /* Assets.xcassets */,
			);
			path = EJDiarySwift;
			sourceTree = "<group>";
		};
		962DE2182B4D8B24006BDD44 /* EJDiarySwiftTests */ = {
			isa = PBXGroup;
			children = (
				962DE2192B4D8B24006BDD44 /* EJDiarySwiftTests.swift */,
			);
			path = EJDiarySwiftTests;
			sourceTree = "<group>";
		};
		962DE2222B4D8B24006BDD44 /* EJDiarySwiftUITests */ = {
			isa = PBXGroup;
			children = (
				962DE2232B4D8B24006BDD44 /* EJDiarySwiftUITests.swift */,
				962DE2252B4D8B24006BDD44 /* EJDiarySwiftUITestsLaunchTests.swift */,
			);
			path = EJDiarySwiftUITests;
			sourceTree = "<group>";
		};
/* End PBXGroup section */

/* Begin PBXNativeTarget section */
		962DE1FB2B4D8B22006BDD44 /* EJDiarySwift */ = {
			isa = PBXNativeTarget;
			buildConfigurationList = 962DE2292B4D8B24006BDD44 /* Build configuration list for PBXNativeTarget "EJDiarySwift" */;
			buildPhases = (
				962DE1F82B4D8B22006BDD44 /* Sources */,
				962DE1F92B4D8B22006BDD44 /* Frameworks */,
				962DE1FA2B4D8B22006BDD44 /* Resources */,
			);
			buildRules = (
			);
			dependencies = (
			);
			name = EJDiarySwift;
			productName = EJDiarySwift;
			productReference = 962DE1FC2B4D8B22006BDD44 /* EJDiarySwift.app */;
			productType = "com.apple.product-type.application";
		};
		962DE2142B4D8B24006BDD44 /* EJDiarySwiftTests */ = {
			isa = PBXNativeTarget;
			buildConfigurationList = 962DE22C2B4D8B24006BDD44 /* Build configuration list for PBXNativeTarget "EJDiarySwiftTests" */;
			buildPhases = (
				962DE2112B4D8B24006BDD44 /* Sources */,
				962DE2122B4D8B24006BDD44 /* Frameworks */,
				962DE2132B4D8B24006BDD44 /* Resources */,
			);
			buildRules = (
			);
			dependencies = (
				962DE2172B4D8B24006BDD44 /* PBXTargetDependency */,
			);
			name = EJDiarySwiftTests;
			productName = EJDiarySwiftTests;
			productReference = 962DE2152B4D8B24006BDD44 /* EJDiarySwiftTests.xctest */;
			productType = "com.apple.product-type.bundle.unit-test";
		};
		962DE21E2B4D8B24006BDD44 /* EJDiarySwiftUITests */ = {
			isa = PBXNativeTarget;
			buildConfigurationList = 962DE22F2B4D8B24006BDD44 /* Build configuration list for PBXNativeTarget "EJDiarySwiftUITests" */;
			buildPhases = (
				962DE21B2B4D8B24006BDD44 /* Sources */,
				962DE21C2B4D8B24006BDD44 /* Frameworks */,
				962DE21D2B4D8B24006BDD44 /* Resources */,
			);
			buildRules = (
			);
			dependencies = (
				962DE2212B4D8B24006BDD44 /* PBXTargetDependency */,
			);
			name = EJDiarySwiftUITests;
			productName = EJDiarySwiftUITests;
			productReference = 962DE21F2B4D8B24006BDD44 /* EJDiarySwiftUITests.xctest */;
			productType = "com.apple.product-type.bundle.ui-testing";
		};
/* End PBXNativeTarget section */

/* Begin PBXProject section */
		962DE1F42B4D8B22006BDD44 /* Project object */ = {
			isa = PBXProject;
			attributes = {
				BuildIndependentTargetsInParallel = 1;
				LastSwiftUpdateCheck = 1520;
				LastUpgradeCheck = 1520;
				TargetAttributes = {
					962DE1FB2B4D8B22006BDD44 = {
						CreatedOnToolsVersion = 15.2;
					};
					962DE2142B4D8B24006BDD44 = {
						CreatedOnToolsVersion = 15.2;
						TestTargetID = 962DE1FB2B4D8B22006BDD44;
					};
					962DE21E2B4D8B24006BDD44 = {
						CreatedOnToolsVersion = 15.2;
						TestTargetID = 962DE1FB2B4D8B22006BDD44;
					};
				};
			};
			buildConfigurationList = 962DE1F72B4D8B22006BDD44 /* Build configuration list for PBXProject "EJDiarySwift" */;
			compatibilityVersion = "Xcode 14.0";
			developmentRegion = en;
			hasScannedForEncodings = 0;
			knownRegions = (
				en,
				Base,
			);
			mainGroup = 962DE1F32B4D8B22006BDD44;
			productRefGroup = 962DE1FD2B4D8B22006BDD44 /* Products */;
			projectDirPath = "";
			projectRoot = "";
			targets = (
				962DE1FB2B4D8B22006BDD44 /* EJDiarySwift */,
				962DE2142B4D8B24006BDD44 /* EJDiarySwiftTests */,
				962DE21E2B4D8B24006BDD44 /* EJDiarySwiftUITests */,
			);
		};
/* End PBXProject section */

/* Begin PBXResourcesBuildPhase section */
		962DE1FA2B4D8B22006BDD44 /* Resources */ = {
			isa = PBXResourcesBuildPhase;
			buildActionMask = 2147483647;
			files = (
				968026942C401DBC007950D8 /* CreateDiary.storyboard in Resources */,
				96DF0A632C3C13B900C29D28 /* Top.storyboard in Resources */,
				96E3DDB92C42306200E82B8A /* Config.storyboard in Resources */,
				962DE20F2B4D8B24006BDD44 /* LaunchScreen.storyboard in Resources */,
				962DE20C2B4D8B24006BDD44 /* Assets.xcassets in Resources */,
				962DE2072B4D8B22006BDD44 /* Diary.storyboard in Resources */,
			);
			runOnlyForDeploymentPostprocessing = 0;
		};
		962DE2132B4D8B24006BDD44 /* Resources */ = {
			isa = PBXResourcesBuildPhase;
			buildActionMask = 2147483647;
			files = (
			);
			runOnlyForDeploymentPostprocessing = 0;
		};
		962DE21D2B4D8B24006BDD44 /* Resources */ = {
			isa = PBXResourcesBuildPhase;
			buildActionMask = 2147483647;
			files = (
			);
			runOnlyForDeploymentPostprocessing = 0;
		};
/* End PBXResourcesBuildPhase section */

/* Begin PBXSourcesBuildPhase section */
		962DE1F82B4D8B22006BDD44 /* Sources */ = {
			isa = PBXSourcesBuildPhase;
			buildActionMask = 2147483647;
			files = (
				96DF0A652C3C13E100C29D28 /* TopViewController.swift in Sources */,
				96E443D02C44A5C600F723DE /* UiColor.swift in Sources */,
				9680268B2C40099D007950D8 /* CreateDiaryViewController.swift in Sources */,
				96EF366C2C3A23A400C22935 /* StatusBar.swift in Sources */,
				962DE2042B4D8B22006BDD44 /* DiaryViewController.swift in Sources */,
				962DE2002B4D8B22006BDD44 /* AppDelegate.swift in Sources */,
				96EF9D9D2C4365D900576751 /* DiaryInfo+CoreDataClass.swift in Sources */,
				96EF9D9E2C4365D900576751 /* DiaryInfo+CoreDataProperties.swift in Sources */,
				96E3DDBB2C4248D000E82B8A /* ConfigViewController.swift in Sources */,
				962DE20A2B4D8B22006BDD44 /* EJDiarySwift.xcdatamodeld in Sources */,
				962DE2022B4D8B22006BDD44 /* SceneDelegate.swift in Sources */,
				96EF9DA02C43688700576751 /* CoreDataManager.swift in Sources */,
			);
			runOnlyForDeploymentPostprocessing = 0;
		};
		962DE2112B4D8B24006BDD44 /* Sources */ = {
			isa = PBXSourcesBuildPhase;
			buildActionMask = 2147483647;
			files = (
				962DE21A2B4D8B24006BDD44 /* EJDiarySwiftTests.swift in Sources */,
			);
			runOnlyForDeploymentPostprocessing = 0;
		};
		962DE21B2B4D8B24006BDD44 /* Sources */ = {
			isa = PBXSourcesBuildPhase;
			buildActionMask = 2147483647;
			files = (
				962DE2242B4D8B24006BDD44 /* EJDiarySwiftUITests.swift in Sources */,
				962DE2262B4D8B24006BDD44 /* EJDiarySwiftUITestsLaunchTests.swift in Sources */,
			);
			runOnlyForDeploymentPostprocessing = 0;
		};
/* End PBXSourcesBuildPhase section */

/* Begin PBXTargetDependency section */
		962DE2172B4D8B24006BDD44 /* PBXTargetDependency */ = {
			isa = PBXTargetDependency;
			target = 962DE1FB2B4D8B22006BDD44 /* EJDiarySwift */;
			targetProxy = 962DE2162B4D8B24006BDD44 /* PBXContainerItemProxy */;
		};
		962DE2212B4D8B24006BDD44 /* PBXTargetDependency */ = {
			isa = PBXTargetDependency;
			target = 962DE1FB2B4D8B22006BDD44 /* EJDiarySwift */;
			targetProxy = 962DE2202B4D8B24006BDD44 /* PBXContainerItemProxy */;
		};
/* End PBXTargetDependency section */

/* Begin PBXVariantGroup section */
		962DE2052B4D8B22006BDD44 /* Diary.storyboard */ = {
			isa = PBXVariantGroup;
			children = (
				9619C29F2C394B420089DA65 /* Base */,
			);
			name = Diary.storyboard;
			sourceTree = "<group>";
		};
		962DE20D2B4D8B24006BDD44 /* LaunchScreen.storyboard */ = {
			isa = PBXVariantGroup;
			children = (
				962DE20E2B4D8B24006BDD44 /* Base */,
			);
			name = LaunchScreen.storyboard;
			sourceTree = "<group>";
		};
		968026932C401DBC007950D8 /* CreateDiary.storyboard */ = {
			isa = PBXVariantGroup;
			children = (
				968026922C401DBC007950D8 /* Base */,
			);
			name = CreateDiary.storyboard;
			sourceTree = "<group>";
		};
/* End PBXVariantGroup section */

/* Begin XCBuildConfiguration section */
		962DE2272B4D8B24006BDD44 /* Debug */ = {
			isa = XCBuildConfiguration;
			buildSettings = {
				ALWAYS_SEARCH_USER_PATHS = NO;
				ASSETCATALOG_COMPILER_GENERATE_SWIFT_ASSET_SYMBOL_EXTENSIONS = YES;
				CLANG_ANALYZER_LOCALIZABILITY_NONLOCALIZED = YES;
				CLANG_ANALYZER_NONNULL = YES;
				CLANG_ANALYZER_NUMBER_OBJECT_CONVERSION = YES_AGGRESSIVE;
				CLANG_CXX_LANGUAGE_STANDARD = "gnu++20";
				CLANG_ENABLE_MODULES = YES;
				CLANG_ENABLE_OBJC_ARC = YES;
				CLANG_ENABLE_OBJC_WEAK = YES;
				CLANG_WARN_BLOCK_CAPTURE_AUTORELEASING = YES;
				CLANG_WARN_BOOL_CONVERSION = YES;
				CLANG_WARN_COMMA = YES;
				CLANG_WARN_CONSTANT_CONVERSION = YES;
				CLANG_WARN_DEPRECATED_OBJC_IMPLEMENTATIONS = YES;
				CLANG_WARN_DIRECT_OBJC_ISA_USAGE = YES_ERROR;
				CLANG_WARN_DOCUMENTATION_COMMENTS = YES;
				CLANG_WARN_EMPTY_BODY = YES;
				CLANG_WARN_ENUM_CONVERSION = YES;
				CLANG_WARN_INFINITE_RECURSION = YES;
				CLANG_WARN_INT_CONVERSION = YES;
				CLANG_WARN_NON_LITERAL_NULL_CONVERSION = YES;
				CLANG_WARN_OBJC_IMPLICIT_RETAIN_SELF = YES;
				CLANG_WARN_OBJC_LITERAL_CONVERSION = YES;
				CLANG_WARN_OBJC_ROOT_CLASS = YES_ERROR;
				CLANG_WARN_QUOTED_INCLUDE_IN_FRAMEWORK_HEADER = YES;
				CLANG_WARN_RANGE_LOOP_ANALYSIS = YES;
				CLANG_WARN_STRICT_PROTOTYPES = YES;
				CLANG_WARN_SUSPICIOUS_MOVE = YES;
				CLANG_WARN_UNGUARDED_AVAILABILITY = YES_AGGRESSIVE;
				CLANG_WARN_UNREACHABLE_CODE = YES;
				CLANG_WARN__DUPLICATE_METHOD_MATCH = YES;
				COPY_PHASE_STRIP = NO;
				DEBUG_INFORMATION_FORMAT = dwarf;
				ENABLE_STRICT_OBJC_MSGSEND = YES;
				ENABLE_TESTABILITY = YES;
				ENABLE_USER_SCRIPT_SANDBOXING = YES;
				GCC_C_LANGUAGE_STANDARD = gnu17;
				GCC_DYNAMIC_NO_PIC = NO;
				GCC_NO_COMMON_BLOCKS = YES;
				GCC_OPTIMIZATION_LEVEL = 0;
				GCC_PREPROCESSOR_DEFINITIONS = (
					"DEBUG=1",
					"$(inherited)",
				);
				GCC_WARN_64_TO_32_BIT_CONVERSION = YES;
				GCC_WARN_ABOUT_RETURN_TYPE = YES_ERROR;
				GCC_WARN_UNDECLARED_SELECTOR = YES;
				GCC_WARN_UNINITIALIZED_AUTOS = YES_AGGRESSIVE;
				GCC_WARN_UNUSED_FUNCTION = YES;
				GCC_WARN_UNUSED_VARIABLE = YES;
				IPHONEOS_DEPLOYMENT_TARGET = 15.0;
				LOCALIZATION_PREFERS_STRING_CATALOGS = YES;
				MTL_ENABLE_DEBUG_INFO = INCLUDE_SOURCE;
				MTL_FAST_MATH = YES;
				ONLY_ACTIVE_ARCH = YES;
				SDKROOT = iphoneos;
				SWIFT_ACTIVE_COMPILATION_CONDITIONS = "DEBUG $(inherited)";
				SWIFT_OPTIMIZATION_LEVEL = "-Onone";
			};
			name = Debug;
		};
		962DE2282B4D8B24006BDD44 /* Release */ = {
			isa = XCBuildConfiguration;
			buildSettings = {
				ALWAYS_SEARCH_USER_PATHS = NO;
				ASSETCATALOG_COMPILER_GENERATE_SWIFT_ASSET_SYMBOL_EXTENSIONS = YES;
				CLANG_ANALYZER_LOCALIZABILITY_NONLOCALIZED = YES;
				CLANG_ANALYZER_NONNULL = YES;
				CLANG_ANALYZER_NUMBER_OBJECT_CONVERSION = YES_AGGRESSIVE;
				CLANG_CXX_LANGUAGE_STANDARD = "gnu++20";
				CLANG_ENABLE_MODULES = YES;
				CLANG_ENABLE_OBJC_ARC = YES;
				CLANG_ENABLE_OBJC_WEAK = YES;
				CLANG_WARN_BLOCK_CAPTURE_AUTORELEASING = YES;
				CLANG_WARN_BOOL_CONVERSION = YES;
				CLANG_WARN_COMMA = YES;
				CLANG_WARN_CONSTANT_CONVERSION = YES;
				CLANG_WARN_DEPRECATED_OBJC_IMPLEMENTATIONS = YES;
				CLANG_WARN_DIRECT_OBJC_ISA_USAGE = YES_ERROR;
				CLANG_WARN_DOCUMENTATION_COMMENTS = YES;
				CLANG_WARN_EMPTY_BODY = YES;
				CLANG_WARN_ENUM_CONVERSION = YES;
				CLANG_WARN_INFINITE_RECURSION = YES;
				CLANG_WARN_INT_CONVERSION = YES;
				CLANG_WARN_NON_LITERAL_NULL_CONVERSION = YES;
				CLANG_WARN_OBJC_IMPLICIT_RETAIN_SELF = YES;
				CLANG_WARN_OBJC_LITERAL_CONVERSION = YES;
				CLANG_WARN_OBJC_ROOT_CLASS = YES_ERROR;
				CLANG_WARN_QUOTED_INCLUDE_IN_FRAMEWORK_HEADER = YES;
				CLANG_WARN_RANGE_LOOP_ANALYSIS = YES;
				CLANG_WARN_STRICT_PROTOTYPES = YES;
				CLANG_WARN_SUSPICIOUS_MOVE = YES;
				CLANG_WARN_UNGUARDED_AVAILABILITY = YES_AGGRESSIVE;
				CLANG_WARN_UNREACHABLE_CODE = YES;
				CLANG_WARN__DUPLICATE_METHOD_MATCH = YES;
				COPY_PHASE_STRIP = NO;
				DEBUG_INFORMATION_FORMAT = "dwarf-with-dsym";
				ENABLE_NS_ASSERTIONS = NO;
				ENABLE_STRICT_OBJC_MSGSEND = YES;
				ENABLE_USER_SCRIPT_SANDBOXING = YES;
				GCC_C_LANGUAGE_STANDARD = gnu17;
				GCC_NO_COMMON_BLOCKS = YES;
				GCC_WARN_64_TO_32_BIT_CONVERSION = YES;
				GCC_WARN_ABOUT_RETURN_TYPE = YES_ERROR;
				GCC_WARN_UNDECLARED_SELECTOR = YES;
				GCC_WARN_UNINITIALIZED_AUTOS = YES_AGGRESSIVE;
				GCC_WARN_UNUSED_FUNCTION = YES;
				GCC_WARN_UNUSED_VARIABLE = YES;
				IPHONEOS_DEPLOYMENT_TARGET = 15.0;
				LOCALIZATION_PREFERS_STRING_CATALOGS = YES;
				MTL_ENABLE_DEBUG_INFO = NO;
				MTL_FAST_MATH = YES;
				SDKROOT = iphoneos;
				SWIFT_COMPILATION_MODE = wholemodule;
				VALIDATE_PRODUCT = YES;
			};
			name = Release;
		};
		962DE22A2B4D8B24006BDD44 /* Debug */ = {
			isa = XCBuildConfiguration;
			buildSettings = {
				ASSETCATALOG_COMPILER_APPICON_NAME = AppIcon;
				ASSETCATALOG_COMPILER_GLOBAL_ACCENT_COLOR_NAME = AccentColor;
				CODE_SIGN_IDENTITY = "Apple Development";
				CODE_SIGN_STYLE = Automatic;
				CURRENT_PROJECT_VERSION = 1;
				DEVELOPMENT_TEAM = 4TA8835JC2;
				GENERATE_INFOPLIST_FILE = YES;
				INFOPLIST_FILE = EJDiarySwift/Info.plist;
				INFOPLIST_KEY_CFBundleDisplayName = "EJ Diary";
				INFOPLIST_KEY_UIApplicationSupportsIndirectInputEvents = YES;
				INFOPLIST_KEY_UILaunchStoryboardName = LaunchScreen;
				INFOPLIST_KEY_UIMainStoryboardFile = Top;
				INFOPLIST_KEY_UISupportedInterfaceOrientations_iPad = "UIInterfaceOrientationPortrait UIInterfaceOrientationPortraitUpsideDown UIInterfaceOrientationLandscapeLeft UIInterfaceOrientationLandscapeRight";
				INFOPLIST_KEY_UISupportedInterfaceOrientations_iPhone = "UIInterfaceOrientationPortrait UIInterfaceOrientationLandscapeLeft UIInterfaceOrientationLandscapeRight";
				IPHONEOS_DEPLOYMENT_TARGET = 15.0;
				LD_RUNPATH_SEARCH_PATHS = (
					"$(inherited)",
					"@executable_path/Frameworks",
				);
				MARKETING_VERSION = 1.0;
				PRODUCT_BUNDLE_IDENTIFIER = com.kazu.EJDiarySwift;
				PRODUCT_NAME = "$(TARGET_NAME)";
				PROVISIONING_PROFILE_SPECIFIER = "";
				SWIFT_EMIT_LOC_STRINGS = YES;
				SWIFT_VERSION = 5.0;
				TARGETED_DEVICE_FAMILY = "1,2";
			};
			name = Debug;
		};
		962DE22B2B4D8B24006BDD44 /* Release */ = {
			isa = XCBuildConfiguration;
			buildSettings = {
				ASSETCATALOG_COMPILER_APPICON_NAME = AppIcon;
				ASSETCATALOG_COMPILER_GLOBAL_ACCENT_COLOR_NAME = AccentColor;
				CODE_SIGN_STYLE = Automatic;
				CURRENT_PROJECT_VERSION = 1;
				DEVELOPMENT_TEAM = 4TA8835JC2;
				GENERATE_INFOPLIST_FILE = YES;
				INFOPLIST_FILE = EJDiarySwift/Info.plist;
				INFOPLIST_KEY_CFBundleDisplayName = "EJ Diary";
				INFOPLIST_KEY_UIApplicationSupportsIndirectInputEvents = YES;
				INFOPLIST_KEY_UILaunchStoryboardName = LaunchScreen;
				INFOPLIST_KEY_UIMainStoryboardFile = Top;
				INFOPLIST_KEY_UISupportedInterfaceOrientations_iPad = "UIInterfaceOrientationPortrait UIInterfaceOrientationPortraitUpsideDown UIInterfaceOrientationLandscapeLeft UIInterfaceOrientationLandscapeRight";
				INFOPLIST_KEY_UISupportedInterfaceOrientations_iPhone = "UIInterfaceOrientationPortrait UIInterfaceOrientationLandscapeLeft UIInterfaceOrientationLandscapeRight";
				IPHONEOS_DEPLOYMENT_TARGET = 15.0;
				LD_RUNPATH_SEARCH_PATHS = (
					"$(inherited)",
					"@executable_path/Frameworks",
				);
				MARKETING_VERSION = 1.0;
				PRODUCT_BUNDLE_IDENTIFIER = com.kazu.EJDiarySwift;
				PRODUCT_NAME = "$(TARGET_NAME)";
				SWIFT_EMIT_LOC_STRINGS = YES;
				SWIFT_VERSION = 5.0;
				TARGETED_DEVICE_FAMILY = "1,2";
			};
			name = Release;
		};
		962DE22D2B4D8B24006BDD44 /* Debug */ = {
			isa = XCBuildConfiguration;
			buildSettings = {
				ALWAYS_EMBED_SWIFT_STANDARD_LIBRARIES = YES;
				BUNDLE_LOADER = "$(TEST_HOST)";
				CODE_SIGN_STYLE = Automatic;
				CURRENT_PROJECT_VERSION = 1;
				GENERATE_INFOPLIST_FILE = YES;
				IPHONEOS_DEPLOYMENT_TARGET = 17.2;
				MARKETING_VERSION = 1.0;
				PRODUCT_BUNDLE_IDENTIFIER = com.kazu.EJDiarySwiftTests;
				PRODUCT_NAME = "$(TARGET_NAME)";
				SWIFT_EMIT_LOC_STRINGS = NO;
				SWIFT_VERSION = 5.0;
				TARGETED_DEVICE_FAMILY = "1,2";
				TEST_HOST = "$(BUILT_PRODUCTS_DIR)/EJDiarySwift.app/$(BUNDLE_EXECUTABLE_FOLDER_PATH)/EJDiarySwift";
			};
			name = Debug;
		};
		962DE22E2B4D8B24006BDD44 /* Release */ = {
			isa = XCBuildConfiguration;
			buildSettings = {
				ALWAYS_EMBED_SWIFT_STANDARD_LIBRARIES = YES;
				BUNDLE_LOADER = "$(TEST_HOST)";
				CODE_SIGN_STYLE = Automatic;
				CURRENT_PROJECT_VERSION = 1;
				GENERATE_INFOPLIST_FILE = YES;
				IPHONEOS_DEPLOYMENT_TARGET = 17.2;
				MARKETING_VERSION = 1.0;
				PRODUCT_BUNDLE_IDENTIFIER = com.kazu.EJDiarySwiftTests;
				PRODUCT_NAME = "$(TARGET_NAME)";
				SWIFT_EMIT_LOC_STRINGS = NO;
				SWIFT_VERSION = 5.0;
				TARGETED_DEVICE_FAMILY = "1,2";
				TEST_HOST = "$(BUILT_PRODUCTS_DIR)/EJDiarySwift.app/$(BUNDLE_EXECUTABLE_FOLDER_PATH)/EJDiarySwift";
			};
			name = Release;
		};
		962DE2302B4D8B24006BDD44 /* Debug */ = {
			isa = XCBuildConfiguration;
			buildSettings = {
				ALWAYS_EMBED_SWIFT_STANDARD_LIBRARIES = YES;
				CODE_SIGN_STYLE = Automatic;
				CURRENT_PROJECT_VERSION = 1;
				GENERATE_INFOPLIST_FILE = YES;
				MARKETING_VERSION = 1.0;
				PRODUCT_BUNDLE_IDENTIFIER = com.kazu.EJDiarySwiftUITests;
				PRODUCT_NAME = "$(TARGET_NAME)";
				SWIFT_EMIT_LOC_STRINGS = NO;
				SWIFT_VERSION = 5.0;
				TARGETED_DEVICE_FAMILY = "1,2";
				TEST_TARGET_NAME = EJDiarySwift;
			};
			name = Debug;
		};
		962DE2312B4D8B24006BDD44 /* Release */ = {
			isa = XCBuildConfiguration;
			buildSettings = {
				ALWAYS_EMBED_SWIFT_STANDARD_LIBRARIES = YES;
				CODE_SIGN_STYLE = Automatic;
				CURRENT_PROJECT_VERSION = 1;
				GENERATE_INFOPLIST_FILE = YES;
				MARKETING_VERSION = 1.0;
				PRODUCT_BUNDLE_IDENTIFIER = com.kazu.EJDiarySwiftUITests;
				PRODUCT_NAME = "$(TARGET_NAME)";
				SWIFT_EMIT_LOC_STRINGS = NO;
				SWIFT_VERSION = 5.0;
				TARGETED_DEVICE_FAMILY = "1,2";
				TEST_TARGET_NAME = EJDiarySwift;
			};
			name = Release;
		};
/* End XCBuildConfiguration section */

/* Begin XCConfigurationList section */
		962DE1F72B4D8B22006BDD44 /* Build configuration list for PBXProject "EJDiarySwift" */ = {
			isa = XCConfigurationList;
			buildConfigurations = (
				962DE2272B4D8B24006BDD44 /* Debug */,
				962DE2282B4D8B24006BDD44 /* Release */,
			);
			defaultConfigurationIsVisible = 0;
			defaultConfigurationName = Release;
		};
		962DE2292B4D8B24006BDD44 /* Build configuration list for PBXNativeTarget "EJDiarySwift" */ = {
			isa = XCConfigurationList;
			buildConfigurations = (
				962DE22A2B4D8B24006BDD44 /* Debug */,
				962DE22B2B4D8B24006BDD44 /* Release */,
			);
			defaultConfigurationIsVisible = 0;
			defaultConfigurationName = Release;
		};
		962DE22C2B4D8B24006BDD44 /* Build configuration list for PBXNativeTarget "EJDiarySwiftTests" */ = {
			isa = XCConfigurationList;
			buildConfigurations = (
				962DE22D2B4D8B24006BDD44 /* Debug */,
				962DE22E2B4D8B24006BDD44 /* Release */,
			);
			defaultConfigurationIsVisible = 0;
			defaultConfigurationName = Release;
		};
		962DE22F2B4D8B24006BDD44 /* Build configuration list for PBXNativeTarget "EJDiarySwiftUITests" */ = {
			isa = XCConfigurationList;
			buildConfigurations = (
				962DE2302B4D8B24006BDD44 /* Debug */,
				962DE2312B4D8B24006BDD44 /* Release */,
			);
			defaultConfigurationIsVisible = 0;
			defaultConfigurationName = Release;
		};
/* End XCConfigurationList section */

/* Begin XCVersionGroup section */
		962DE2082B4D8B22006BDD44 /* EJDiarySwift.xcdatamodeld */ = {
			isa = XCVersionGroup;
			children = (
				962DE2092B4D8B22006BDD44 /* EJDiarySwift.xcdatamodel */,
			);
			currentVersion = 962DE2092B4D8B22006BDD44 /* EJDiarySwift.xcdatamodel */;
			path = EJDiarySwift.xcdatamodeld;
			sourceTree = "<group>";
			versionGroupType = wrapper.xcdatamodel;
		};
/* End XCVersionGroup section */
	};
	rootObject = 962DE1F42B4D8B22006BDD44 /* Project object */;
}
